
Microsoft Visual Studio Solution File, Format Version 12.00
# Visual Studio Version 16
VisualStudioVersion = 16.0.30002.166
MinimumVisualStudioVersion = 10.0.40219.1
Project("{FAE04EC0-301F-11D3-BF4B-00C04F79EFBC}") = "Bundles", "Bundles\Bundles.csproj", "{E5C0E429-964E-4FC8-86BE-8A6C9071D90A}"
EndProject
Global
	GlobalSection(SolutionConfigurationPlatforms) = preSolution
		Debug|Any CPU = Debug|Any CPU
		Release|Any CPU = Release|Any CPU
	EndGlobalSection
	GlobalSection(ProjectConfigurationPlatforms) = postSolution
		{E5C0E429-964E-4FC8-86BE-8A6C9071D90A}.Debug|Any CPU.ActiveCfg = Debug|Any CPU
		{E5C0E429-964E-4FC8-86BE-8A6C9071D90A}.Debug|Any CPU.Build.0 = Debug|Any CPU
		{E5C0E429-964E-4FC8-86BE-8A6C9071D90A}.Release|Any CPU.ActiveCfg = Release|Any CPU
		{E5C0E429-964E-4FC8-86BE-8A6C9071D90A}.Release|Any CPU.Build.0 = Release|Any CPU
	EndGlobalSection
	GlobalSection(SolutionProperties) = preSolution
		HideSolutionNode = FALSE
	EndGlobalSection
	GlobalSection(ExtensibilityGlobals) = postSolution
		SolutionGuid = {706081F1-AB4F-4907-84B4-0757B1648E8B}
	EndGlobalSection
EndGlobal
